// !$*UTF8*$!
{
	archiveVersion = 1;
	classes = {
	};
	objectVersion = 50;
	objects = {

/* Begin PBXBuildFile section */
		AB747CEA21B5B65A00DAF901 /* AppDelegate.swift in Sources */ = {isa = PBXBuildFile; fileRef = AB747CE921B5B65A00DAF901 /* AppDelegate.swift */; };
		AB747CEC21B5B65A00DAF901 /* ViewController.swift in Sources */ = {isa = PBXBuildFile; fileRef = AB747CEB21B5B65A00DAF901 /* ViewController.swift */; };
		AB747CEF21B5B65A00DAF901 /* Main.storyboard in Resources */ = {isa = PBXBuildFile; fileRef = AB747CED21B5B65A00DAF901 /* Main.storyboard */; };
		AB747CF121B5B65B00DAF901 /* Assets.xcassets in Resources */ = {isa = PBXBuildFile; fileRef = AB747CF021B5B65B00DAF901 /* Assets.xcassets */; };
		AB747CF421B5B65B00DAF901 /* LaunchScreen.storyboard in Resources */ = {isa = PBXBuildFile; fileRef = AB747CF221B5B65B00DAF901 /* LaunchScreen.storyboard */; };
		AB747CFF21B5B65B00DAF901 /* MemeMakerTests.swift in Sources */ = {isa = PBXBuildFile; fileRef = AB747CFE21B5B65B00DAF901 /* MemeMakerTests.swift */; };
		AB747D0A21B5B65B00DAF901 /* MemeMakerUITests.swift in Sources */ = {isa = PBXBuildFile; fileRef = AB747D0921B5B65B00DAF901 /* MemeMakerUITests.swift */; };
		AB747D1821B5B9D200DAF901 /* CaptionChoice.swift in Sources */ = {isa = PBXBuildFile; fileRef = AB747D1721B5B9D200DAF901 /* CaptionChoice.swift */; };
/* End PBXBuildFile section */

/* Begin PBXContainerItemProxy section */
		AB747CFB21B5B65B00DAF901 /* PBXContainerItemProxy */ = {
			isa = PBXContainerItemProxy;
			containerPortal = AB747CDE21B5B65A00DAF901 /* Project object */;
			proxyType = 1;
			remoteGlobalIDString = AB747CE521B5B65A00DAF901;
			remoteInfo = MemeMaker;
		};
		AB747D0621B5B65B00DAF901 /* PBXContainerItemProxy */ = {
			isa = PBXContainerItemProxy;
			containerPortal = AB747CDE21B5B65A00DAF901 /* Project object */;
			proxyType = 1;
			remoteGlobalIDString = AB747CE521B5B65A00DAF901;
			remoteInfo = MemeMaker;
		};
/* End PBXContainerItemProxy section */

/* Begin PBXFileReference section */
		AB747CE621B5B65A00DAF901 /* MemeMaker.app */ = {isa = PBXFileReference; explicitFileType = wrapper.application; includeInIndex = 0; path = MemeMaker.app; sourceTree = BUILT_PRODUCTS_DIR; };
		AB747CE921B5B65A00DAF901 /* AppDelegate.swift */ = {isa = PBXFileReference; lastKnownFileType = sourcecode.swift; path = AppDelegate.swift; sourceTree = "<group>"; };
		AB747CEB21B5B65A00DAF901 /* ViewController.swift */ = {isa = PBXFileReference; lastKnownFileType = sourcecode.swift; path = ViewController.swift; sourceTree = "<group>"; };
		AB747CEE21B5B65A00DAF901 /* Base */ = {isa = PBXFileReference; lastKnownFileType = file.storyboard; name = Base; path = Base.lproj/Main.storyboard; sourceTree = "<group>"; };
		AB747CF021B5B65B00DAF901 /* Assets.xcassets */ = {isa = PBXFileReference; lastKnownFileType = folder.assetcatalog; path = Assets.xcassets; sourceTree = "<group>"; };
		AB747CF321B5B65B00DAF901 /* Base */ = {isa = PBXFileReference; lastKnownFileType = file.storyboard; name = Base; path = Base.lproj/LaunchScreen.storyboard; sourceTree = "<group>"; };
		AB747CF521B5B65B00DAF901 /* Info.plist */ = {isa = PBXFileReference; lastKnownFileType = text.plist.xml; path = Info.plist; sourceTree = "<group>"; };
		AB747CFA21B5B65B00DAF901 /* MemeMakerTests.xctest */ = {isa = PBXFileReference; explicitFileType = wrapper.cfbundle; includeInIndex = 0; path = MemeMakerTests.xctest; sourceTree = BUILT_PRODUCTS_DIR; };
		AB747CFE21B5B65B00DAF901 /* MemeMakerTests.swift */ = {isa = PBXFileReference; lastKnownFileType = sourcecode.swift; path = MemeMakerTests.swift; sourceTree = "<group>"; };
		AB747D0021B5B65B00DAF901 /* Info.plist */ = {isa = PBXFileReference; lastKnownFileType = text.plist.xml; path = Info.plist; sourceTree = "<group>"; };
		AB747D0521B5B65B00DAF901 /* MemeMakerUITests.xctest */ = {isa = PBXFileReference; explicitFileType = wrapper.cfbundle; includeInIndex = 0; path = MemeMakerUITests.xctest; sourceTree = BUILT_PRODUCTS_DIR; };
		AB747D0921B5B65B00DAF901 /* MemeMakerUITests.swift */ = {isa = PBXFileReference; lastKnownFileType = sourcecode.swift; path = MemeMakerUITests.swift; sourceTree = "<group>"; };
		AB747D0B21B5B65B00DAF901 /* Info.plist */ = {isa = PBXFileReference; lastKnownFileType = text.plist.xml; path = Info.plist; sourceTree = "<group>"; };
		AB747D1721B5B9D200DAF901 /* CaptionChoice.swift */ = {isa = PBXFileReference; lastKnownFileType = sourcecode.swift; path = CaptionChoice.swift; sourceTree = "<group>"; };
/* End PBXFileReference section */

/* Begin PBXFrameworksBuildPhase section */
		AB747CE321B5B65A00DAF901 /* Frameworks */ = {
			isa = PBXFrameworksBuildPhase;
			buildActionMask = 2147483647;
			files = (
			);
			runOnlyForDeploymentPostprocessing = 0;
		};
		AB747CF721B5B65B00DAF901 /* Frameworks */ = {
			isa = PBXFrameworksBuildPhase;
			buildActionMask = 2147483647;
			files = (
			);
			runOnlyForDeploymentPostprocessing = 0;
		};
		AB747D0221B5B65B00DAF901 /* Frameworks */ = {
			isa = PBXFrameworksBuildPhase;
			buildActionMask = 2147483647;
			files = (
			);
			runOnlyForDeploymentPostprocessing = 0;
		};
/* End PBXFrameworksBuildPhase section */

/* Begin PBXGroup section */
		AB747CDD21B5B65A00DAF901 = {
			isa = PBXGroup;
			children = (
				AB747CE821B5B65A00DAF901 /* MemeMaker */,
				AB747CFD21B5B65B00DAF901 /* MemeMakerTests */,
				AB747D0821B5B65B00DAF901 /* MemeMakerUITests */,
				AB747CE721B5B65A00DAF901 /* Products */,
			);
			sourceTree = "<group>";
		};
		AB747CE721B5B65A00DAF901 /* Products */ = {
			isa = PBXGroup;
			children = (
				AB747CE621B5B65A00DAF901 /* MemeMaker.app */,
				AB747CFA21B5B65B00DAF901 /* MemeMakerTests.xctest */,
				AB747D0521B5B65B00DAF901 /* MemeMakerUITests.xctest */,
			);
			name = Products;
			sourceTree = "<group>";
		};
		AB747CE821B5B65A00DAF901 /* MemeMaker */ = {
			isa = PBXGroup;
			children = (
				AB747CE921B5B65A00DAF901 /* AppDelegate.swift */,
				AB747CEB21B5B65A00DAF901 /* ViewController.swift */,
				AB747CED21B5B65A00DAF901 /* Main.storyboard */,
				AB747CF021B5B65B00DAF901 /* Assets.xcassets */,
				AB747CF221B5B65B00DAF901 /* LaunchScreen.storyboard */,
				AB747CF521B5B65B00DAF901 /* Info.plist */,
				AB747D1721B5B9D200DAF901 /* CaptionChoice.swift */,
			);
			path = MemeMaker;
			sourceTree = "<group>";
		};
		AB747CFD21B5B65B00DAF901 /* MemeMakerTests */ = {
			isa = PBXGroup;
			children = (
				AB747CFE21B5B65B00DAF901 /* MemeMakerTests.swift */,
				AB747D0021B5B65B00DAF901 /* Info.plist */,
			);
			path = MemeMakerTests;
			sourceTree = "<group>";
		};
		AB747D0821B5B65B00DAF901 /* MemeMakerUITests */ = {
			isa = PBXGroup;
			children = (
				AB747D0921B5B65B00DAF901 /* MemeMakerUITests.swift */,
				AB747D0B21B5B65B00DAF901 /* Info.plist */,
			);
			path = MemeMakerUITests;
			sourceTree = "<group>";
		};
/* End PBXGroup section */

/* Begin PBXNativeTarget section */
		AB747CE521B5B65A00DAF901 /* MemeMaker */ = {
			isa = PBXNativeTarget;
			buildConfigurationList = AB747D0E21B5B65B00DAF901 /* Build configuration list for PBXNativeTarget "MemeMaker" */;
			buildPhases = (
				AB747CE221B5B65A00DAF901 /* Sources */,
				AB747CE321B5B65A00DAF901 /* Frameworks */,
				AB747CE421B5B65A00DAF901 /* Resources */,
			);
			buildRules = (
			);
			dependencies = (
			);
			name = MemeMaker;
			productName = MemeMaker;
			productReference = AB747CE621B5B65A00DAF901 /* MemeMaker.app */;
			productType = "com.apple.product-type.application";
		};
		AB747CF921B5B65B00DAF901 /* MemeMakerTests */ = {
			isa = PBXNativeTarget;
			buildConfigurationList = AB747D1121B5B65B00DAF901 /* Build configuration list for PBXNativeTarget "MemeMakerTests" */;
			buildPhases = (
				AB747CF621B5B65B00DAF901 /* Sources */,
				AB747CF721B5B65B00DAF901 /* Frameworks */,
				AB747CF821B5B65B00DAF901 /* Resources */,
			);
			buildRules = (
			);
			dependencies = (
				AB747CFC21B5B65B00DAF901 /* PBXTargetDependency */,
			);
			name = MemeMakerTests;
			productName = MemeMakerTests;
			productReference = AB747CFA21B5B65B00DAF901 /* MemeMakerTests.xctest */;
			productType = "com.apple.product-type.bundle.unit-test";
		};
		AB747D0421B5B65B00DAF901 /* MemeMakerUITests */ = {
			isa = PBXNativeTarget;
			buildConfigurationList = AB747D1421B5B65B00DAF901 /* Build configuration list for PBXNativeTarget "MemeMakerUITests" */;
			buildPhases = (
				AB747D0121B5B65B00DAF901 /* Sources */,
				AB747D0221B5B65B00DAF901 /* Frameworks */,
				AB747D0321B5B65B00DAF901 /* Resources */,
			);
			buildRules = (
			);
			dependencies = (
				AB747D0721B5B65B00DAF901 /* PBXTargetDependency */,
			);
			name = MemeMakerUITests;
			productName = MemeMakerUITests;
			productReference = AB747D0521B5B65B00DAF901 /* MemeMakerUITests.xctest */;
			productType = "com.apple.product-type.bundle.ui-testing";
		};
/* End PBXNativeTarget section */

/* Begin PBXProject section */
		AB747CDE21B5B65A00DAF901 /* Project object */ = {
			isa = PBXProject;
			attributes = {
				LastSwiftUpdateCheck = 0940;
				LastUpgradeCheck = 0940;
				ORGANIZATIONNAME = "Brandon Gonzalez";
				TargetAttributes = {
					AB747CE521B5B65A00DAF901 = {
						CreatedOnToolsVersion = 9.4.1;
					};
					AB747CF921B5B65B00DAF901 = {
						CreatedOnToolsVersion = 9.4.1;
						TestTargetID = AB747CE521B5B65A00DAF901;
					};
					AB747D0421B5B65B00DAF901 = {
						CreatedOnToolsVersion = 9.4.1;
						TestTargetID = AB747CE521B5B65A00DAF901;
					};
				};
			};
			buildConfigurationList = AB747CE121B5B65A00DAF901 /* Build configuration list for PBXProject "MemeMaker" */;
			compatibilityVersion = "Xcode 9.3";
			developmentRegion = en;
			hasScannedForEncodings = 0;
			knownRegions = (
				en,
				Base,
			);
			mainGroup = AB747CDD21B5B65A00DAF901;
			productRefGroup = AB747CE721B5B65A00DAF901 /* Products */;
			projectDirPath = "";
			projectRoot = "";
			targets = (
				AB747CE521B5B65A00DAF901 /* MemeMaker */,
				AB747CF921B5B65B00DAF901 /* MemeMakerTests */,
				AB747D0421B5B65B00DAF901 /* MemeMakerUITests */,
			);
		};
/* End PBXProject section */

/* Begin PBXResourcesBuildPhase section */
		AB747CE421B5B65A00DAF901 /* Resources */ = {
			isa = PBXResourcesBuildPhase;
			buildActionMask = 2147483647;
			files = (
				AB747CF421B5B65B00DAF901 /* LaunchScreen.storyboard in Resources */,
				AB747CF121B5B65B00DAF901 /* Assets.xcassets in Resources */,
				AB747CEF21B5B65A00DAF901 /* Main.storyboard in Resources */,
			);
			runOnlyForDeploymentPostprocessing = 0;
		};
		AB747CF821B5B65B00DAF901 /* Resources */ = {
			isa = PBXResourcesBuildPhase;
			buildActionMask = 2147483647;
			files = (
			);
			runOnlyForDeploymentPostprocessing = 0;
		};
		AB747D0321B5B65B00DAF901 /* Resources */ = {
			isa = PBXResourcesBuildPhase;
			buildActionMask = 2147483647;
			files = (
			);
			runOnlyForDeploymentPostprocessing = 0;
		};
/* End PBXResourcesBuildPhase section */

/* Begin PBXSourcesBuildPhase section */
		AB747CE221B5B65A00DAF901 /* Sources */ = {
			isa = PBXSourcesBuildPhase;
			buildActionMask = 2147483647;
			files = (
				AB747CEC21B5B65A00DAF901 /* ViewController.swift in Sources */,
				AB747D1821B5B9D200DAF901 /* CaptionChoice.swift in Sources */,
				AB747CEA21B5B65A00DAF901 /* AppDelegate.swift in Sources */,
			);
			runOnlyForDeploymentPostprocessing = 0;
		};
		AB747CF621B5B65B00DAF901 /* Sources */ = {
			isa = PBXSourcesBuildPhase;
			buildActionMask = 2147483647;
			files = (
				AB747CFF21B5B65B00DAF901 /* MemeMakerTests.swift in Sources */,
			);
			runOnlyForDeploymentPostprocessing = 0;
		};
		AB747D0121B5B65B00DAF901 /* Sources */ = {
			isa = PBXSourcesBuildPhase;
			buildActionMask = 2147483647;
			files = (
				AB747D0A21B5B65B00DAF901 /* MemeMakerUITests.swift in Sources */,
			);
			runOnlyForDeploymentPostprocessing = 0;
		};
/* End PBXSourcesBuildPhase section */

/* Begin PBXTargetDependency section */
		AB747CFC21B5B65B00DAF901 /* PBXTargetDependency */ = {
			isa = PBXTargetDependency;
			target = AB747CE521B5B65A00DAF901 /* MemeMaker */;
			targetProxy = AB747CFB21B5B65B00DAF901 /* PBXContainerItemProxy */;
		};
		AB747D0721B5B65B00DAF901 /* PBXTargetDependency */ = {
			isa = PBXTargetDependency;
			target = AB747CE521B5B65A00DAF901 /* MemeMaker */;
			targetProxy = AB747D0621B5B65B00DAF901 /* PBXContainerItemProxy */;
		};
/* End PBXTargetDependency section */

/* Begin PBXVariantGroup section */
		AB747CED21B5B65A00DAF901 /* Main.storyboard */ = {
			isa = PBXVariantGroup;
			children = (
				AB747CEE21B5B65A00DAF901 /* Base */,
			);
			name = Main.storyboard;
			sourceTree = "<group>";
		};
		AB747CF221B5B65B00DAF901 /* LaunchScreen.storyboard */ = {
			isa = PBXVariantGroup;
			children = (
				AB747CF321B5B65B00DAF901 /* Base */,
			);
			name = LaunchScreen.storyboard;
			sourceTree = "<group>";
		};
/* End PBXVariantGroup section */

/* Begin XCBuildConfiguration section */
		AB747D0C21B5B65B00DAF901 /* Debug */ = {
			isa = XCBuildConfiguration;
			buildSettings = {
				ALWAYS_SEARCH_USER_PATHS = NO;
				CLANG_ANALYZER_NONNULL = YES;
				CLANG_ANALYZER_NUMBER_OBJECT_CONVERSION = YES_AGGRESSIVE;
				CLANG_CXX_LANGUAGE_STANDARD = "gnu++14";
				CLANG_CXX_LIBRARY = "libc++";
				CLANG_ENABLE_MODULES = YES;
				CLANG_ENABLE_OBJC_ARC = YES;
				CLANG_ENABLE_OBJC_WEAK = YES;
				CLANG_WARN_BLOCK_CAPTURE_AUTORELEASING = YES;
				CLANG_WARN_BOOL_CONVERSION = YES;
				CLANG_WARN_COMMA = YES;
				CLANG_WARN_CONSTANT_CONVERSION = YES;
				CLANG_WARN_DEPRECATED_OBJC_IMPLEMENTATIONS = YES;
				CLANG_WARN_DIRECT_OBJC_ISA_USAGE = YES_ERROR;
				CLANG_WARN_DOCUMENTATION_COMMENTS = YES;
				CLANG_WARN_EMPTY_BODY = YES;
				CLANG_WARN_ENUM_CONVERSION = YES;
				CLANG_WARN_INFINITE_RECURSION = YES;
				CLANG_WARN_INT_CONVERSION = YES;
				CLANG_WARN_NON_LITERAL_NULL_CONVERSION = YES;
				CLANG_WARN_OBJC_IMPLICIT_RETAIN_SELF = YES;
				CLANG_WARN_OBJC_LITERAL_CONVERSION = YES;
				CLANG_WARN_OBJC_ROOT_CLASS = YES_ERROR;
				CLANG_WARN_RANGE_LOOP_ANALYSIS = YES;
				CLANG_WARN_STRICT_PROTOTYPES = YES;
				CLANG_WARN_SUSPICIOUS_MOVE = YES;
				CLANG_WARN_UNGUARDED_AVAILABILITY = YES_AGGRESSIVE;
				CLANG_WARN_UNREACHABLE_CODE = YES;
				CLANG_WARN__DUPLICATE_METHOD_MATCH = YES;
				CODE_SIGN_IDENTITY = "iPhone Developer";
				COPY_PHASE_STRIP = NO;
				DEBUG_INFORMATION_FORMAT = dwarf;
				ENABLE_STRICT_OBJC_MSGSEND = YES;
				ENABLE_TESTABILITY = YES;
				GCC_C_LANGUAGE_STANDARD = gnu11;
				GCC_DYNAMIC_NO_PIC = NO;
				GCC_NO_COMMON_BLOCKS = YES;
				GCC_OPTIMIZATION_LEVEL = 0;
				GCC_PREPROCESSOR_DEFINITIONS = (
					"DEBUG=1",
					"$(inherited)",
				);
				GCC_WARN_64_TO_32_BIT_CONVERSION = YES;
				GCC_WARN_ABOUT_RETURN_TYPE = YES_ERROR;
				GCC_WARN_UNDECLARED_SELECTOR = YES;
				GCC_WARN_UNINITIALIZED_AUTOS = YES_AGGRESSIVE;
				GCC_WARN_UNUSED_FUNCTION = YES;
				GCC_WARN_UNUSED_VARIABLE = YES;
				IPHONEOS_DEPLOYMENT_TARGET = 11.4;
				MTL_ENABLE_DEBUG_INFO = YES;
				ONLY_ACTIVE_ARCH = YES;
				SDKROOT = iphoneos;
				SWIFT_ACTIVE_COMPILATION_CONDITIONS = DEBUG;
				SWIFT_OPTIMIZATION_LEVEL = "-Onone";
			};
			name = Debug;
		};
		AB747D0D21B5B65B00DAF901 /* Release */ = {
			isa = XCBuildConfiguration;
			buildSettings = {
				ALWAYS_SEARCH_USER_PATHS = NO;
				CLANG_ANALYZER_NONNULL = YES;
				CLANG_ANALYZER_NUMBER_OBJECT_CONVERSION = YES_AGGRESSIVE;
				CLANG_CXX_LANGUAGE_STANDARD = "gnu++14";
				CLANG_CXX_LIBRARY = "libc++";
				CLANG_ENABLE_MODULES = YES;
				CLANG_ENABLE_OBJC_ARC = YES;
				CLANG_ENABLE_OBJC_WEAK = YES;
				CLANG_WARN_BLOCK_CAPTURE_AUTORELEASING = YES;
				CLANG_WARN_BOOL_CONVERSION = YES;
				CLANG_WARN_COMMA = YES;
				CLANG_WARN_CONSTANT_CONVERSION = YES;
				CLANG_WARN_DEPRECATED_OBJC_IMPLEMENTATIONS = YES;
				CLANG_WARN_DIRECT_OBJC_ISA_USAGE = YES_ERROR;
				CLANG_WARN_DOCUMENTATION_COMMENTS = YES;
				CLANG_WARN_EMPTY_BODY = YES;
				CLANG_WARN_ENUM_CONVERSION = YES;
				CLANG_WARN_INFINITE_RECURSION = YES;
				CLANG_WARN_INT_CONVERSION = YES;
				CLANG_WARN_NON_LITERAL_NULL_CONVERSION = YES;
				CLANG_WARN_OBJC_IMPLICIT_RETAIN_SELF = YES;
				CLANG_WARN_OBJC_LITERAL_CONVERSION = YES;
				CLANG_WARN_OBJC_ROOT_CLASS = YES_ERROR;
				CLANG_WARN_RANGE_LOOP_ANALYSIS = YES;
				CLANG_WARN_STRICT_PROTOTYPES = YES;
				CLANG_WARN_SUSPICIOUS_MOVE = YES;
				CLANG_WARN_UNGUARDED_AVAILABILITY = YES_AGGRESSIVE;
				CLANG_WARN_UNREACHABLE_CODE = YES;
				CLANG_WARN__DUPLICATE_METHOD_MATCH = YES;
				CODE_SIGN_IDENTITY = "iPhone Developer";
				COPY_PHASE_STRIP = NO;
				DEBUG_INFORMATION_FORMAT = "dwarf-with-dsym";
				ENABLE_NS_ASSERTIONS = NO;
				ENABLE_STRICT_OBJC_MSGSEND = YES;
				GCC_C_LANGUAGE_STANDARD = gnu11;
				GCC_NO_COMMON_BLOCKS = YES;
				GCC_WARN_64_TO_32_BIT_CONVERSION = YES;
				GCC_WARN_ABOUT_RETURN_TYPE = YES_ERROR;
				GCC_WARN_UNDECLARED_SELECTOR = YES;
				GCC_WARN_UNINITIALIZED_AUTOS = YES_AGGRESSIVE;
				GCC_WARN_UNUSED_FUNCTION = YES;
				GCC_WARN_UNUSED_VARIABLE = YES;
				IPHONEOS_DEPLOYMENT_TARGET = 11.4;
				MTL_ENABLE_DEBUG_INFO = NO;
				SDKROOT = iphoneos;
				SWIFT_COMPILATION_MODE = wholemodule;
				SWIFT_OPTIMIZATION_LEVEL = "-O";
				VALIDATE_PRODUCT = YES;
			};
			name = Release;
		};
		AB747D0F21B5B65B00DAF901 /* Debug */ = {
			isa = XCBuildConfiguration;
			buildSettings = {
				ASSETCATALOG_COMPILER_APPICON_NAME = AppIcon;
				CODE_SIGN_STYLE = Automatic;
				INFOPLIST_FILE = MemeMaker/Info.plist;
				LD_RUNPATH_SEARCH_PATHS = (
					"$(inherited)",
					"@executable_path/Frameworks",
				);
				PRODUCT_BUNDLE_IDENTIFIER = com.example.MemeMaker;
				PRODUCT_NAME = "$(TARGET_NAME)";
				SWIFT_VERSION = 4.0;
				TARGETED_DEVICE_FAMILY = "1,2";
			};
			name = Debug;
		};
		AB747D1021B5B65B00DAF901 /* Release */ = {
			isa = XCBuildConfiguration;
			buildSettings = {
				ASSETCATALOG_COMPILER_APPICON_NAME = AppIcon;
				CODE_SIGN_STYLE = Automatic;
				INFOPLIST_FILE = MemeMaker/Info.plist;
				LD_RUNPATH_SEARCH_PATHS = (
					"$(inherited)",
					"@executable_path/Frameworks",
				);
				PRODUCT_BUNDLE_IDENTIFIER = com.example.MemeMaker;
				PRODUCT_NAME = "$(TARGET_NAME)";
				SWIFT_VERSION = 4.0;
				TARGETED_DEVICE_FAMILY = "1,2";
			};
			name = Release;
		};
		AB747D1221B5B65B00DAF901 /* Debug */ = {
			isa = XCBuildConfiguration;
			buildSettings = {
				ALWAYS_EMBED_SWIFT_STANDARD_LIBRARIES = YES;
				BUNDLE_LOADER = "$(TEST_HOST)";
				CODE_SIGN_STYLE = Automatic;
				INFOPLIST_FILE = MemeMakerTests/Info.plist;
				LD_RUNPATH_SEARCH_PATHS = (
					"$(inherited)",
					"@executable_path/Frameworks",
					"@loader_path/Frameworks",
				);
				PRODUCT_BUNDLE_IDENTIFIER = com.example.MemeMakerTests;
				PRODUCT_NAME = "$(TARGET_NAME)";
				SWIFT_VERSION = 4.0;
				TARGETED_DEVICE_FAMILY = "1,2";
				TEST_HOST = "$(BUILT_PRODUCTS_DIR)/MemeMaker.app/MemeMaker";
			};
			name = Debug;
		};
		AB747D1321B5B65B00DAF901 /* Release */ = {
			isa = XCBuildConfiguration;
			buildSettings = {
				ALWAYS_EMBED_SWIFT_STANDARD_LIBRARIES = YES;
				BUNDLE_LOADER = "$(TEST_HOST)";
				CODE_SIGN_STYLE = Automatic;
				INFOPLIST_FILE = MemeMakerTests/Info.plist;
				LD_RUNPATH_SEARCH_PATHS = (
					"$(inherited)",
					"@executable_path/Frameworks",
					"@loader_path/Frameworks",
				);
				PRODUCT_BUNDLE_IDENTIFIER = com.example.MemeMakerTests;
				PRODUCT_NAME = "$(TARGET_NAME)";
				SWIFT_VERSION = 4.0;
				TARGETED_DEVICE_FAMILY = "1,2";
				TEST_HOST = "$(BUILT_PRODUCTS_DIR)/MemeMaker.app/MemeMaker";
			};
			name = Release;
		};
		AB747D1521B5B65B00DAF901 /* Debug */ = {
			isa = XCBuildConfiguration;
			buildSettings = {
				ALWAYS_EMBED_SWIFT_STANDARD_LIBRARIES = YES;
				CODE_SIGN_STYLE = Automatic;
				INFOPLIST_FILE = MemeMakerUITests/Info.plist;
				LD_RUNPATH_SEARCH_PATHS = (
					"$(inherited)",
					"@executable_path/Frameworks",
					"@loader_path/Frameworks",
				);
				PRODUCT_BUNDLE_IDENTIFIER = com.example.MemeMakerUITests;
				PRODUCT_NAME = "$(TARGET_NAME)";
				SWIFT_VERSION = 4.0;
				TARGETED_DEVICE_FAMILY = "1,2";
				TEST_TARGET_NAME = MemeMaker;
			};
			name = Debug;
		};
		AB747D1621B5B65B00DAF901 /* Release */ = {
			isa = XCBuildConfiguration;
			buildSettings = {
				ALWAYS_EMBED_SWIFT_STANDARD_LIBRARIES = YES;
				CODE_SIGN_STYLE = Automatic;
				INFOPLIST_FILE = MemeMakerUITests/Info.plist;
				LD_RUNPATH_SEARCH_PATHS = (
					"$(inherited)",
					"@executable_path/Frameworks",
					"@loader_path/Frameworks",
				);
				PRODUCT_BUNDLE_IDENTIFIER = com.example.MemeMakerUITests;
				PRODUCT_NAME = "$(TARGET_NAME)";
				SWIFT_VERSION = 4.0;
				TARGETED_DEVICE_FAMILY = "1,2";
				TEST_TARGET_NAME = MemeMaker;
			};
			name = Release;
		};
/* End XCBuildConfiguration section */

/* Begin XCConfigurationList section */
		AB747CE121B5B65A00DAF901 /* Build configuration list for PBXProject "MemeMaker" */ = {
			isa = XCConfigurationList;
			buildConfigurations = (
				AB747D0C21B5B65B00DAF901 /* Debug */,
				AB747D0D21B5B65B00DAF901 /* Release */,
			);
			defaultConfigurationIsVisible = 0;
			defaultConfigurationName = Release;
		};
		AB747D0E21B5B65B00DAF901 /* Build configuration list for PBXNativeTarget "MemeMaker" */ = {
			isa = XCConfigurationList;
			buildConfigurations = (
				AB747D0F21B5B65B00DAF901 /* Debug */,
				AB747D1021B5B65B00DAF901 /* Release */,
			);
			defaultConfigurationIsVisible = 0;
			defaultConfigurationName = Release;
		};
		AB747D1121B5B65B00DAF901 /* Build configuration list for PBXNativeTarget "MemeMakerTests" */ = {
			isa = XCConfigurationList;
			buildConfigurations = (
				AB747D1221B5B65B00DAF901 /* Debug */,
				AB747D1321B5B65B00DAF901 /* Release */,
			);
			defaultConfigurationIsVisible = 0;
			defaultConfigurationName = Release;
		};
		AB747D1421B5B65B00DAF901 /* Build configuration list for PBXNativeTarget "MemeMakerUITests" */ = {
			isa = XCConfigurationList;
			buildConfigurations = (
				AB747D1521B5B65B00DAF901 /* Debug */,
				AB747D1621B5B65B00DAF901 /* Release */,
			);
			defaultConfigurationIsVisible = 0;
			defaultConfigurationName = Release;
		};
/* End XCConfigurationList section */
	};
	rootObject = AB747CDE21B5B65A00DAF901 /* Project object */;
}
